
Microsoft Visual Studio Solution File, Format Version 12.00
# Visual Studio 15
VisualStudioVersion = 15.0.28307.1927
MinimumVisualStudioVersion = 10.0.40219.1
Project("{A3BAA1F1-E320-42F9-87A3-1C875DC45569}") = "AndrewBuildIssue", "AndrewBuildIssue\AndrewBuildIssue.smproj", "{A6E86157-851D-4575-9E1A-6E576EF0E7B5}"
EndProject
Global
	GlobalSection(SolutionConfigurationPlatforms) = preSolution
		Release|MCP = Release|MCP
		Release|Windows = Release|Windows
	EndGlobalSection
	GlobalSection(ProjectConfigurationPlatforms) = postSolution
		{A6E86157-851D-4575-9E1A-6E576EF0E7B5}.Release|MCP.ActiveCfg = Release|MCP
		{A6E86157-851D-4575-9E1A-6E576EF0E7B5}.Release|MCP.Build.0 = Release|MCP
		{A6E86157-851D-4575-9E1A-6E576EF0E7B5}.Release|Windows.ActiveCfg = Release|Windows
		{A6E86157-851D-4575-9E1A-6E576EF0E7B5}.Release|Windows.Build.0 = Release|Windows
	EndGlobalSection
	GlobalSection(SolutionProperties) = preSolution
		HideSolutionNode = FALSE
	EndGlobalSection
	GlobalSection(ExtensibilityGlobals) = postSolution
		SolutionGuid = {B0DA4C0F-D47F-46C8-93C6-D6F0A47B0072}
	EndGlobalSection
EndGlobal
