
Microsoft Visual Studio Solution File, Format Version 12.00
# Visual Studio 15
VisualStudioVersion = 15.0.28307.1300
MinimumVisualStudioVersion = 10.0.40219.1
Project("{A3BAA1F1-E320-42F9-87A3-1C875DC45569}") = "PaulUFSSDebug", "PaulUFSSDebug\PaulUFSSDebug.smproj", "{232D55E3-CDCE-4108-B927-335066D62998}"
EndProject
Global
	GlobalSection(SolutionConfigurationPlatforms) = preSolution
		Release|MCP = Release|MCP
		Release|Windows = Release|Windows
	EndGlobalSection
	GlobalSection(ProjectConfigurationPlatforms) = postSolution
		{232D55E3-CDCE-4108-B927-335066D62998}.Release|MCP.ActiveCfg = Release|MCP
		{232D55E3-CDCE-4108-B927-335066D62998}.Release|MCP.Build.0 = Release|MCP
		{232D55E3-CDCE-4108-B927-335066D62998}.Release|Windows.ActiveCfg = Release|Windows
		{232D55E3-CDCE-4108-B927-335066D62998}.Release|Windows.Build.0 = Release|Windows
	EndGlobalSection
	GlobalSection(SolutionProperties) = preSolution
		HideSolutionNode = FALSE
	EndGlobalSection
	GlobalSection(ExtensibilityGlobals) = postSolution
		SolutionGuid = {79337BE5-7185-41D2-A62F-34772406D5E8}
	EndGlobalSection
	GlobalSection(TeamFoundationVersionControl) = preSolution
		SccNumberOfProjects = 2
		SccEnterpriseProvider = {4CA58AB2-18FA-4F8D-95D4-32DDF27D184C}
		SccTeamFoundationServer = https://dev.azure.com/SaiSeravanJO
		SccLocalPath0 = .
		SccProjectUniqueName1 = PaulUFSSDebug\\PaulUFSSDebug.smproj
		SccProjectName1 = PaulUFSSDebug
		SccLocalPath1 = PaulUFSSDebug
	EndGlobalSection
EndGlobal
